
Microsoft Visual Studio Solution File, Format Version 12.00
# Visual Studio Version 17
VisualStudioVersion = 17.13.35825.156
MinimumVisualStudioVersion = 10.0.40219.1
Project("{FAE04EC0-301F-11D3-BF4B-00C04F79EFBC}") = "VTC", "VTC\VTC.csproj", "{A8AB0041-A648-424F-ABFA-DD2004246B17}"
EndProject
Global
	GlobalSection(SolutionConfigurationPlatforms) = preSolution
		Debug|Any CPU = Debug|Any CPU
		Release|Any CPU = Release|Any CPU
	EndGlobalSection
	GlobalSection(ProjectConfigurationPlatforms) = postSolution
		{A8AB0041-A648-424F-ABFA-DD2004246B17}.Debug|Any CPU.ActiveCfg = Debug|Any CPU
		{A8AB0041-A648-424F-ABFA-DD2004246B17}.Debug|Any CPU.Build.0 = Debug|Any CPU
		{A8AB0041-A648-424F-ABFA-DD2004246B17}.Release|Any CPU.ActiveCfg = Release|Any CPU
		{A8AB0041-A648-424F-ABFA-DD2004246B17}.Release|Any CPU.Build.0 = Release|Any CPU
	EndGlobalSection
	GlobalSection(SolutionProperties) = preSolution
		HideSolutionNode = FALSE
	EndGlobalSection
	GlobalSection(ExtensibilityGlobals) = postSolution
		SolutionGuid = {5DCAF078-B788-4E16-BC96-5CB5DA66B8ED}
	EndGlobalSection
EndGlobal
